
Microsoft Visual Studio Solution File, Format Version 12.00
# Visual Studio Version 16
VisualStudioVersion = 16.0.30804.86
MinimumVisualStudioVersion = 10.0.40219.1
Project("{FAE04EC0-301F-11D3-BF4B-00C04F79EFBC}") = "InterviewCodes", "InterviewCodes\InterviewCodes.csproj", "{8B661FBE-8F07-4206-AD84-028922B3515B}"
EndProject
Global
	GlobalSection(SolutionConfigurationPlatforms) = preSolution
		Debug|Any CPU = Debug|Any CPU
		Release|Any CPU = Release|Any CPU
	EndGlobalSection
	GlobalSection(ProjectConfigurationPlatforms) = postSolution
		{8B661FBE-8F07-4206-AD84-028922B3515B}.Debug|Any CPU.ActiveCfg = Debug|Any CPU
		{8B661FBE-8F07-4206-AD84-028922B3515B}.Debug|Any CPU.Build.0 = Debug|Any CPU
		{8B661FBE-8F07-4206-AD84-028922B3515B}.Release|Any CPU.ActiveCfg = Release|Any CPU
		{8B661FBE-8F07-4206-AD84-028922B3515B}.Release|Any CPU.Build.0 = Release|Any CPU
	EndGlobalSection
	GlobalSection(SolutionProperties) = preSolution
		HideSolutionNode = FALSE
	EndGlobalSection
	GlobalSection(ExtensibilityGlobals) = postSolution
		SolutionGuid = {0555DC97-E44E-4C22-AD09-5522BDF622C0}
	EndGlobalSection
EndGlobal
